// !$*UTF8*$!
{
	archiveVersion = 1;
	classes = {
	};
	objectVersion = 46;
	objects = {

/* Begin PBXBuildFile section */
		94484E991F01612B0024EF16 /* main.m in Sources */ = {isa = PBXBuildFile; fileRef = 94484E981F01612B0024EF16 /* main.m */; };
		94484E9C1F01612B0024EF16 /* AppDelegate.m in Sources */ = {isa = PBXBuildFile; fileRef = 94484E9B1F01612B0024EF16 /* AppDelegate.m */; };
		94484E9F1F01612B0024EF16 /* ViewController.m in Sources */ = {isa = PBXBuildFile; fileRef = 94484E9E1F01612B0024EF16 /* ViewController.m */; };
		94484EA21F01612B0024EF16 /* Main.storyboard in Resources */ = {isa = PBXBuildFile; fileRef = 94484EA01F01612B0024EF16 /* Main.storyboard */; };
		94484EA41F01612B0024EF16 /* Assets.xcassets in Resources */ = {isa = PBXBuildFile; fileRef = 94484EA31F01612B0024EF16 /* Assets.xcassets */; };
		94484EA71F01612B0024EF16 /* LaunchScreen.storyboard in Resources */ = {isa = PBXBuildFile; fileRef = 94484EA51F01612B0024EF16 /* LaunchScreen.storyboard */; };
/* End PBXBuildFile section */

/* Begin PBXFileReference section */
		94484E941F01612B0024EF16 /* constDemo.app */ = {isa = PBXFileReference; explicitFileType = wrapper.application; includeInIndex = 0; path = constDemo.app; sourceTree = BUILT_PRODUCTS_DIR; };
		94484E981F01612B0024EF16 /* main.m */ = {isa = PBXFileReference; lastKnownFileType = sourcecode.c.objc; path = main.m; sourceTree = "<group>"; };
		94484E9A1F01612B0024EF16 /* AppDelegate.h */ = {isa = PBXFileReference; lastKnownFileType = sourcecode.c.h; path = AppDelegate.h; sourceTree = "<group>"; };
		94484E9B1F01612B0024EF16 /* AppDelegate.m */ = {isa = PBXFileReference; lastKnownFileType = sourcecode.c.objc; path = AppDelegate.m; sourceTree = "<group>"; };
		94484E9D1F01612B0024EF16 /* ViewController.h */ = {isa = PBXFileReference; lastKnownFileType = sourcecode.c.h; path = ViewController.h; sourceTree = "<group>"; };
		94484E9E1F01612B0024EF16 /* ViewController.m */ = {isa = PBXFileReference; lastKnownFileType = sourcecode.c.objc; path = ViewController.m; sourceTree = "<group>"; };
		94484EA11F01612B0024EF16 /* Base */ = {isa = PBXFileReference; lastKnownFileType = file.storyboard; name = Base; path = Base.lproj/Main.storyboard; sourceTree = "<group>"; };
		94484EA31F01612B0024EF16 /* Assets.xcassets */ = {isa = PBXFileReference; lastKnownFileType = folder.assetcatalog; path = Assets.xcassets; sourceTree = "<group>"; };
		94484EA61F01612B0024EF16 /* Base */ = {isa = PBXFileReference; lastKnownFileType = file.storyboard; name = Base; path = Base.lproj/LaunchScreen.storyboard; sourceTree = "<group>"; };
		94484EA81F01612B0024EF16 /* Info.plist */ = {isa = PBXFileReference; lastKnownFileType = text.plist.xml; path = Info.plist; sourceTree = "<group>"; };
/* End PBXFileReference section */

/* Begin PBXFrameworksBuildPhase section */
		94484E911F01612B0024EF16 /* Frameworks */ = {
			isa = PBXFrameworksBuildPhase;
			buildActionMask = 2147483647;
			files = (
			);
			runOnlyForDeploymentPostprocessing = 0;
		};
/* End PBXFrameworksBuildPhase section */

/* Begin PBXGroup section */
		94484E8B1F01612B0024EF16 = {
			isa = PBXGroup;
			children = (
				94484E961F01612B0024EF16 /* constDemo */,
				94484E951F01612B0024EF16 /* Products */,
			);
			sourceTree = "<group>";
		};
		94484E951F01612B0024EF16 /* Products */ = {
			isa = PBXGroup;
			children = (
				94484E941F01612B0024EF16 /* constDemo.app */,
			);
			name = Products;
			sourceTree = "<group>";
		};
		94484E961F01612B0024EF16 /* constDemo */ = {
			isa = PBXGroup;
			children = (
				94484E9A1F01612B0024EF16 /* AppDelegate.h */,
				94484E9B1F01612B0024EF16 /* AppDelegate.m */,
				94484E9D1F01612B0024EF16 /* ViewController.h */,
				94484E9E1F01612B0024EF16 /* ViewController.m */,
				94484EA01F01612B0024EF16 /* Main.storyboard */,
				94484EA31F01612B0024EF16 /* Assets.xcassets */,
				94484EA51F01612B0024EF16 /* LaunchScreen.storyboard */,
				94484EA81F01612B0024EF16 /* Info.plist */,
				94484E971F01612B0024EF16 /* Supporting Files */,
			);
			path = constDemo;
			sourceTree = "<group>";
		};
		94484E971F01612B0024EF16 /* Supporting Files */ = {
			isa = PBXGroup;
			children = (
				94484E981F01612B0024EF16 /* main.m */,
			);
			name = "Supporting Files";
			sourceTree = "<group>";
		};
/* End PBXGroup section */

/* Begin PBXNativeTarget section */
		94484E931F01612B0024EF16 /* constDemo */ = {
			isa = PBXNativeTarget;
			buildConfigurationList = 94484EAB1F01612B0024EF16 /* Build configuration list for PBXNativeTarget "constDemo" */;
			buildPhases = (
				94484E901F01612B0024EF16 /* Sources */,
				94484E911F01612B0024EF16 /* Frameworks */,
				94484E921F01612B0024EF16 /* Resources */,
			);
			buildRules = (
			);
			dependencies = (
			);
			name = constDemo;
			productName = constDemo;
			productReference = 94484E941F01612B0024EF16 /* constDemo.app */;
			productType = "com.apple.product-type.application";
		};
/* End PBXNativeTarget section */

/* Begin PBXProject section */
		94484E8C1F01612B0024EF16 /* Project object */ = {
			isa = PBXProject;
			attributes = {
				LastUpgradeCheck = 0830;
				ORGANIZATIONNAME = Focus;
				TargetAttributes = {
					94484E931F01612B0024EF16 = {
						CreatedOnToolsVersion = 8.3.3;
						DevelopmentTeam = X66X3BGMSJ;
						ProvisioningStyle = Automatic;
					};
				};
			};
			buildConfigurationList = 94484E8F1F01612B0024EF16 /* Build configuration list for PBXProject "constDemo" */;
			compatibilityVersion = "Xcode 3.2";
			developmentRegion = English;
			hasScannedForEncodings = 0;
			knownRegions = (
				en,
				Base,
			);
			mainGroup = 94484E8B1F01612B0024EF16;
			productRefGroup = 94484E951F01612B0024EF16 /* Products */;
			projectDirPath = "";
			projectRoot = "";
			targets = (
				94484E931F01612B0024EF16 /* constDemo */,
			);
		};
/* End PBXProject section */

/* Begin PBXResourcesBuildPhase section */
		94484E921F01612B0024EF16 /* Resources */ = {
			isa = PBXResourcesBuildPhase;
			buildActionMask = 2147483647;
			files = (
				94484EA71F01612B0024EF16 /* LaunchScreen.storyboard in Resources */,
				94484EA41F01612B0024EF16 /* Assets.xcassets in Resources */,
				94484EA21F01612B0024EF16 /* Main.storyboard in Resources */,
			);
			runOnlyForDeploymentPostprocessing = 0;
		};
/* End PBXResourcesBuildPhase section */

/* Begin PBXSourcesBuildPhase section */
		94484E901F01612B0024EF16 /* Sources */ = {
			isa = PBXSourcesBuildPhase;
			buildActionMask = 2147483647;
			files = (
				94484E9F1F01612B0024EF16 /* ViewController.m in Sources */,
				94484E9C1F01612B0024EF16 /* AppDelegate.m in Sources */,
				94484E991F01612B0024EF16 /* main.m in Sources */,
			);
			runOnlyForDeploymentPostprocessing = 0;
		};
/* End PBXSourcesBuildPhase section */

/* Begin PBXVariantGroup section */
		94484EA01F01612B0024EF16 /* Main.storyboard */ = {
			isa = PBXVariantGroup;
			children = (
				94484EA11F01612B0024EF16 /* Base */,
			);
			name = Main.storyboard;
			sourceTree = "<group>";
		};
		94484EA51F01612B0024EF16 /* LaunchScreen.storyboard */ = {
			isa = PBXVariantGroup;
			children = (
				94484EA61F01612B0024EF16 /* Base */,
			);
			name = LaunchScreen.storyboard;
			sourceTree = "<group>";
		};
/* End PBXVariantGroup section */

/* Begin XCBuildConfiguration section */
		94484EA91F01612B0024EF16 /* Debug */ = {
			isa = XCBuildConfiguration;
			buildSettings = {
				ALWAYS_SEARCH_USER_PATHS = NO;
				CLANG_ANALYZER_NONNULL = YES;
				CLANG_ANALYZER_NUMBER_OBJECT_CONVERSION = YES_AGGRESSIVE;
				CLANG_CXX_LANGUAGE_STANDARD = "gnu++0x";
				CLANG_CXX_LIBRARY = "libc++";
				CLANG_ENABLE_MODULES = YES;
				CLANG_ENABLE_OBJC_ARC = YES;
				CLANG_WARN_BOOL_CONVERSION = YES;
				CLANG_WARN_CONSTANT_CONVERSION = YES;
				CLANG_WARN_DIRECT_OBJC_ISA_USAGE = YES_ERROR;
				CLANG_WARN_DOCUMENTATION_COMMENTS = YES;
				CLANG_WARN_EMPTY_BODY = YES;
				CLANG_WARN_ENUM_CONVERSION = YES;
				CLANG_WARN_INFINITE_RECURSION = YES;
				CLANG_WARN_INT_CONVERSION = YES;
				CLANG_WARN_OBJC_ROOT_CLASS = YES_ERROR;
				CLANG_WARN_SUSPICIOUS_MOVE = YES;
				CLANG_WARN_UNREACHABLE_CODE = YES;
				CLANG_WARN__DUPLICATE_METHOD_MATCH = YES;
				"CODE_SIGN_IDENTITY[sdk=iphoneos*]" = "iPhone Developer";
				COPY_PHASE_STRIP = NO;
				DEBUG_INFORMATION_FORMAT = dwarf;
				ENABLE_STRICT_OBJC_MSGSEND = YES;
				ENABLE_TESTABILITY = YES;
				GCC_C_LANGUAGE_STANDARD = gnu99;
				GCC_DYNAMIC_NO_PIC = NO;
				GCC_NO_COMMON_BLOCKS = YES;
				GCC_OPTIMIZATION_LEVEL = 0;
				GCC_PREPROCESSOR_DEFINITIONS = (
					"DEBUG=1",
					"$(inherited)",
				);
				GCC_WARN_64_TO_32_BIT_CONVERSION = YES;
				GCC_WARN_ABOUT_RETURN_TYPE = YES_ERROR;
				GCC_WARN_UNDECLARED_SELECTOR = YES;
				GCC_WARN_UNINITIALIZED_AUTOS = YES_AGGRESSIVE;
				GCC_WARN_UNUSED_FUNCTION = YES;
				GCC_WARN_UNUSED_VARIABLE = YES;
				IPHONEOS_DEPLOYMENT_TARGET = 10.3;
				MTL_ENABLE_DEBUG_INFO = YES;
				ONLY_ACTIVE_ARCH = YES;
				SDKROOT = iphoneos;
			};
			name = Debug;
		};
		94484EAA1F01612B0024EF16 /* Release */ = {
			isa = XCBuildConfiguration;
			buildSettings = {
				ALWAYS_SEARCH_USER_PATHS = NO;
				CLANG_ANALYZER_NONNULL = YES;
				CLANG_ANALYZER_NUMBER_OBJECT_CONVERSION = YES_AGGRESSIVE;
				CLANG_CXX_LANGUAGE_STANDARD = "gnu++0x";
				CLANG_CXX_LIBRARY = "libc++";
				CLANG_ENABLE_MODULES = YES;
				CLANG_ENABLE_OBJC_ARC = YES;
				CLANG_WARN_BOOL_CONVERSION = YES;
				CLANG_WARN_CONSTANT_CONVERSION = YES;
				CLANG_WARN_DIRECT_OBJC_ISA_USAGE = YES_ERROR;
				CLANG_WARN_DOCUMENTATION_COMMENTS = YES;
				CLANG_WARN_EMPTY_BODY = YES;
				CLANG_WARN_ENUM_CONVERSION = YES;
				CLANG_WARN_INFINITE_RECURSION = YES;
				CLANG_WARN_INT_CONVERSION = YES;
				CLANG_WARN_OBJC_ROOT_CLASS = YES_ERROR;
				CLANG_WARN_SUSPICIOUS_MOVE = YES;
				CLANG_WARN_UNREACHABLE_CODE = YES;
				CLANG_WARN__DUPLICATE_METHOD_MATCH = YES;
				"CODE_SIGN_IDENTITY[sdk=iphoneos*]" = "iPhone Developer";
				COPY_PHASE_STRIP = NO;
				DEBUG_INFORMATION_FORMAT = "dwarf-with-dsym";
				ENABLE_NS_ASSERTIONS = NO;
				ENABLE_STRICT_OBJC_MSGSEND = YES;
				GCC_C_LANGUAGE_STANDARD = gnu99;
				GCC_NO_COMMON_BLOCKS = YES;
				GCC_WARN_64_TO_32_BIT_CONVERSION = YES;
				GCC_WARN_ABOUT_RETURN_TYPE = YES_ERROR;
				GCC_WARN_UNDECLARED_SELECTOR = YES;
				GCC_WARN_UNINITIALIZED_AUTOS = YES_AGGRESSIVE;
				GCC_WARN_UNUSED_FUNCTION = YES;
				GCC_WARN_UNUSED_VARIABLE = YES;
				IPHONEOS_DEPLOYMENT_TARGET = 10.3;
				MTL_ENABLE_DEBUG_INFO = NO;
				SDKROOT = iphoneos;
				VALIDATE_PRODUCT = YES;
			};
			name = Release;
		};
		94484EAC1F01612B0024EF16 /* Debug */ = {
			isa = XCBuildConfiguration;
			buildSettings = {
				ASSETCATALOG_COMPILER_APPICON_NAME = AppIcon;
				DEVELOPMENT_TEAM = X66X3BGMSJ;
				INFOPLIST_FILE = constDemo/Info.plist;
				LD_RUNPATH_SEARCH_PATHS = "$(inherited) @executable_path/Frameworks";
				PRODUCT_BUNDLE_IDENTIFIER = com.Focus.constDemo;
				PRODUCT_NAME = "$(TARGET_NAME)";
			};
			name = Debug;
		};
		94484EAD1F01612B0024EF16 /* Release */ = {
			isa = XCBuildConfiguration;
			buildSettings = {
				ASSETCATALOG_COMPILER_APPICON_NAME = AppIcon;
				DEVELOPMENT_TEAM = X66X3BGMSJ;
				INFOPLIST_FILE = constDemo/Info.plist;
				LD_RUNPATH_SEARCH_PATHS = "$(inherited) @executable_path/Frameworks";
				PRODUCT_BUNDLE_IDENTIFIER = com.Focus.constDemo;
				PRODUCT_NAME = "$(TARGET_NAME)";
			};
			name = Release;
		};
/* End XCBuildConfiguration section */

/* Begin XCConfigurationList section */
		94484E8F1F01612B0024EF16 /* Build configuration list for PBXProject "constDemo" */ = {
			isa = XCConfigurationList;
			buildConfigurations = (
				94484EA91F01612B0024EF16 /* Debug */,
				94484EAA1F01612B0024EF16 /* Release */,
			);
			defaultConfigurationIsVisible = 0;
			defaultConfigurationName = Release;
		};
		94484EAB1F01612B0024EF16 /* Build configuration list for PBXNativeTarget "constDemo" */ = {
			isa = XCConfigurationList;
			buildConfigurations = (
				94484EAC1F01612B0024EF16 /* Debug */,
				94484EAD1F01612B0024EF16 /* Release */,
			);
			defaultConfigurationIsVisible = 0;
		};
/* End XCConfigurationList section */
	};
	rootObject = 94484E8C1F01612B0024EF16 /* Project object */;
}
