// !$*UTF8*$!
{
	archiveVersion = 1;
	classes = {
	};
	objectVersion = 46;
	objects = {

/* Begin PBXBuildFile section */
		9430F0F11EEFDF68008E0E3D /* DLFourPartViewController.m in Sources */ = {isa = PBXBuildFile; fileRef = 9430F0F01EEFDF68008E0E3D /* DLFourPartViewController.m */; };
		9430F0F41EEFDF7C008E0E3D /* DLFourPartView.m in Sources */ = {isa = PBXBuildFile; fileRef = 9430F0F31EEFDF7C008E0E3D /* DLFourPartView.m */; };
		9430F10B1EEFE1F4008E0E3D /* NSArray+DLArray.m in Sources */ = {isa = PBXBuildFile; fileRef = 9430F0F81EEFE1F4008E0E3D /* NSArray+DLArray.m */; };
		9430F10C1EEFE1F4008E0E3D /* NSAttributedString+DLAttributedString.m in Sources */ = {isa = PBXBuildFile; fileRef = 9430F0FA1EEFE1F4008E0E3D /* NSAttributedString+DLAttributedString.m */; };
		9430F10D1EEFE1F4008E0E3D /* NSDictionary+DLDictionary.m in Sources */ = {isa = PBXBuildFile; fileRef = 9430F0FC1EEFE1F4008E0E3D /* NSDictionary+DLDictionary.m */; };
		9430F10E1EEFE1F4008E0E3D /* NSObject+DLObject.m in Sources */ = {isa = PBXBuildFile; fileRef = 9430F0FE1EEFE1F4008E0E3D /* NSObject+DLObject.m */; };
		9430F10F1EEFE1F4008E0E3D /* NSString+DLString.m in Sources */ = {isa = PBXBuildFile; fileRef = 9430F1001EEFE1F4008E0E3D /* NSString+DLString.m */; };
		9430F1101EEFE1F4008E0E3D /* UIBarButtonItem+DLBarButtonItem.m in Sources */ = {isa = PBXBuildFile; fileRef = 9430F1021EEFE1F4008E0E3D /* UIBarButtonItem+DLBarButtonItem.m */; };
		9430F1111EEFE1F4008E0E3D /* UIButton+DLButton.m in Sources */ = {isa = PBXBuildFile; fileRef = 9430F1041EEFE1F4008E0E3D /* UIButton+DLButton.m */; };
		9430F1121EEFE1F4008E0E3D /* UIColor+DLColor.m in Sources */ = {isa = PBXBuildFile; fileRef = 9430F1061EEFE1F4008E0E3D /* UIColor+DLColor.m */; };
		9430F1131EEFE1F4008E0E3D /* UILabel+DLLabel.m in Sources */ = {isa = PBXBuildFile; fileRef = 9430F1081EEFE1F4008E0E3D /* UILabel+DLLabel.m */; };
		9430F1141EEFE1F4008E0E3D /* UIViewController+DLViewController.m in Sources */ = {isa = PBXBuildFile; fileRef = 9430F10A1EEFE1F4008E0E3D /* UIViewController+DLViewController.m */; };
		943590AF1EC04E7D0073CF16 /* main.m in Sources */ = {isa = PBXBuildFile; fileRef = 943590AE1EC04E7D0073CF16 /* main.m */; };
		943590B21EC04E7D0073CF16 /* AppDelegate.m in Sources */ = {isa = PBXBuildFile; fileRef = 943590B11EC04E7D0073CF16 /* AppDelegate.m */; };
		943590B51EC04E7D0073CF16 /* ViewController.m in Sources */ = {isa = PBXBuildFile; fileRef = 943590B41EC04E7D0073CF16 /* ViewController.m */; };
		943590BA1EC04E7D0073CF16 /* Assets.xcassets in Resources */ = {isa = PBXBuildFile; fileRef = 943590B91EC04E7D0073CF16 /* Assets.xcassets */; };
		943590BD1EC04E7D0073CF16 /* LaunchScreen.storyboard in Resources */ = {isa = PBXBuildFile; fileRef = 943590BB1EC04E7D0073CF16 /* LaunchScreen.storyboard */; };
		943590D11EC04EDB0073CF16 /* ImageEffects.m in Sources */ = {isa = PBXBuildFile; fileRef = 943590D01EC04EDB0073CF16 /* ImageEffects.m */; };
		943590D51EC04F670073CF16 /* DLImageEffectViewController.m in Sources */ = {isa = PBXBuildFile; fileRef = 943590D41EC04F670073CF16 /* DLImageEffectViewController.m */; };
		943590F11EC054240073CF16 /* Info.plist in Resources */ = {isa = PBXBuildFile; fileRef = 943590D71EC054240073CF16 /* Info.plist */; };
		943590F21EC054240073CF16 /* MASCompositeConstraint.m in Sources */ = {isa = PBXBuildFile; fileRef = 943590D91EC054240073CF16 /* MASCompositeConstraint.m */; };
		943590F31EC054240073CF16 /* MASConstraint.m in Sources */ = {isa = PBXBuildFile; fileRef = 943590DC1EC054240073CF16 /* MASConstraint.m */; };
		943590F41EC054240073CF16 /* MASConstraintMaker.m in Sources */ = {isa = PBXBuildFile; fileRef = 943590DE1EC054240073CF16 /* MASConstraintMaker.m */; };
		943590F51EC054240073CF16 /* MASLayoutConstraint.m in Sources */ = {isa = PBXBuildFile; fileRef = 943590E01EC054240073CF16 /* MASLayoutConstraint.m */; };
		943590F61EC054240073CF16 /* MASViewAttribute.m in Sources */ = {isa = PBXBuildFile; fileRef = 943590E41EC054240073CF16 /* MASViewAttribute.m */; };
		943590F71EC054240073CF16 /* MASViewConstraint.m in Sources */ = {isa = PBXBuildFile; fileRef = 943590E61EC054240073CF16 /* MASViewConstraint.m */; };
		943590F81EC054240073CF16 /* NSArray+MASAdditions.m in Sources */ = {isa = PBXBuildFile; fileRef = 943590E81EC054240073CF16 /* NSArray+MASAdditions.m */; };
		943590F91EC054240073CF16 /* NSLayoutConstraint+MASDebugAdditions.m in Sources */ = {isa = PBXBuildFile; fileRef = 943590EB1EC054240073CF16 /* NSLayoutConstraint+MASDebugAdditions.m */; };
		943590FA1EC054240073CF16 /* View+MASAdditions.m in Sources */ = {isa = PBXBuildFile; fileRef = 943590ED1EC054240073CF16 /* View+MASAdditions.m */; };
		943590FB1EC054240073CF16 /* ViewController+MASAdditions.m in Sources */ = {isa = PBXBuildFile; fileRef = 943590F01EC054240073CF16 /* ViewController+MASAdditions.m */; };
		943590FF1EC063280073CF16 /* DLLargePictureViewController.m in Sources */ = {isa = PBXBuildFile; fileRef = 943590FE1EC063280073CF16 /* DLLargePictureViewController.m */; };
/* End PBXBuildFile section */

/* Begin PBXFileReference section */
		9430F0EF1EEFDF68008E0E3D /* DLFourPartViewController.h */ = {isa = PBXFileReference; fileEncoding = 4; lastKnownFileType = sourcecode.c.h; path = DLFourPartViewController.h; sourceTree = "<group>"; };
		9430F0F01EEFDF68008E0E3D /* DLFourPartViewController.m */ = {isa = PBXFileReference; fileEncoding = 4; lastKnownFileType = sourcecode.c.objc; path = DLFourPartViewController.m; sourceTree = "<group>"; };
		9430F0F21EEFDF7C008E0E3D /* DLFourPartView.h */ = {isa = PBXFileReference; fileEncoding = 4; lastKnownFileType = sourcecode.c.h; path = DLFourPartView.h; sourceTree = "<group>"; };
		9430F0F31EEFDF7C008E0E3D /* DLFourPartView.m */ = {isa = PBXFileReference; fileEncoding = 4; lastKnownFileType = sourcecode.c.objc; path = DLFourPartView.m; sourceTree = "<group>"; };
		9430F0F61EEFE1F4008E0E3D /* DLCommon.h */ = {isa = PBXFileReference; fileEncoding = 4; lastKnownFileType = sourcecode.c.h; path = DLCommon.h; sourceTree = "<group>"; };
		9430F0F71EEFE1F4008E0E3D /* NSArray+DLArray.h */ = {isa = PBXFileReference; fileEncoding = 4; lastKnownFileType = sourcecode.c.h; path = "NSArray+DLArray.h"; sourceTree = "<group>"; };
		9430F0F81EEFE1F4008E0E3D /* NSArray+DLArray.m */ = {isa = PBXFileReference; fileEncoding = 4; lastKnownFileType = sourcecode.c.objc; path = "NSArray+DLArray.m"; sourceTree = "<group>"; };
		9430F0F91EEFE1F4008E0E3D /* NSAttributedString+DLAttributedString.h */ = {isa = PBXFileReference; fileEncoding = 4; lastKnownFileType = sourcecode.c.h; path = "NSAttributedString+DLAttributedString.h"; sourceTree = "<group>"; };
		9430F0FA1EEFE1F4008E0E3D /* NSAttributedString+DLAttributedString.m */ = {isa = PBXFileReference; fileEncoding = 4; lastKnownFileType = sourcecode.c.objc; path = "NSAttributedString+DLAttributedString.m"; sourceTree = "<group>"; };
		9430F0FB1EEFE1F4008E0E3D /* NSDictionary+DLDictionary.h */ = {isa = PBXFileReference; fileEncoding = 4; lastKnownFileType = sourcecode.c.h; path = "NSDictionary+DLDictionary.h"; sourceTree = "<group>"; };
		9430F0FC1EEFE1F4008E0E3D /* NSDictionary+DLDictionary.m */ = {isa = PBXFileReference; fileEncoding = 4; lastKnownFileType = sourcecode.c.objc; path = "NSDictionary+DLDictionary.m"; sourceTree = "<group>"; };
		9430F0FD1EEFE1F4008E0E3D /* NSObject+DLObject.h */ = {isa = PBXFileReference; fileEncoding = 4; lastKnownFileType = sourcecode.c.h; path = "NSObject+DLObject.h"; sourceTree = "<group>"; };
		9430F0FE1EEFE1F4008E0E3D /* NSObject+DLObject.m */ = {isa = PBXFileReference; fileEncoding = 4; lastKnownFileType = sourcecode.c.objc; path = "NSObject+DLObject.m"; sourceTree = "<group>"; };
		9430F0FF1EEFE1F4008E0E3D /* NSString+DLString.h */ = {isa = PBXFileReference; fileEncoding = 4; lastKnownFileType = sourcecode.c.h; path = "NSString+DLString.h"; sourceTree = "<group>"; };
		9430F1001EEFE1F4008E0E3D /* NSString+DLString.m */ = {isa = PBXFileReference; fileEncoding = 4; lastKnownFileType = sourcecode.c.objc; path = "NSString+DLString.m"; sourceTree = "<group>"; };
		9430F1011EEFE1F4008E0E3D /* UIBarButtonItem+DLBarButtonItem.h */ = {isa = PBXFileReference; fileEncoding = 4; lastKnownFileType = sourcecode.c.h; path = "UIBarButtonItem+DLBarButtonItem.h"; sourceTree = "<group>"; };
		9430F1021EEFE1F4008E0E3D /* UIBarButtonItem+DLBarButtonItem.m */ = {isa = PBXFileReference; fileEncoding = 4; lastKnownFileType = sourcecode.c.objc; path = "UIBarButtonItem+DLBarButtonItem.m"; sourceTree = "<group>"; };
		9430F1031EEFE1F4008E0E3D /* UIButton+DLButton.h */ = {isa = PBXFileReference; fileEncoding = 4; lastKnownFileType = sourcecode.c.h; path = "UIButton+DLButton.h"; sourceTree = "<group>"; };
		9430F1041EEFE1F4008E0E3D /* UIButton+DLButton.m */ = {isa = PBXFileReference; fileEncoding = 4; lastKnownFileType = sourcecode.c.objc; path = "UIButton+DLButton.m"; sourceTree = "<group>"; };
		9430F1051EEFE1F4008E0E3D /* UIColor+DLColor.h */ = {isa = PBXFileReference; fileEncoding = 4; lastKnownFileType = sourcecode.c.h; path = "UIColor+DLColor.h"; sourceTree = "<group>"; };
		9430F1061EEFE1F4008E0E3D /* UIColor+DLColor.m */ = {isa = PBXFileReference; fileEncoding = 4; lastKnownFileType = sourcecode.c.objc; path = "UIColor+DLColor.m"; sourceTree = "<group>"; };
		9430F1071EEFE1F4008E0E3D /* UILabel+DLLabel.h */ = {isa = PBXFileReference; fileEncoding = 4; lastKnownFileType = sourcecode.c.h; path = "UILabel+DLLabel.h"; sourceTree = "<group>"; };
		9430F1081EEFE1F4008E0E3D /* UILabel+DLLabel.m */ = {isa = PBXFileReference; fileEncoding = 4; lastKnownFileType = sourcecode.c.objc; path = "UILabel+DLLabel.m"; sourceTree = "<group>"; };
		9430F1091EEFE1F4008E0E3D /* UIViewController+DLViewController.h */ = {isa = PBXFileReference; fileEncoding = 4; lastKnownFileType = sourcecode.c.h; path = "UIViewController+DLViewController.h"; sourceTree = "<group>"; };
		9430F10A1EEFE1F4008E0E3D /* UIViewController+DLViewController.m */ = {isa = PBXFileReference; fileEncoding = 4; lastKnownFileType = sourcecode.c.objc; path = "UIViewController+DLViewController.m"; sourceTree = "<group>"; };
		943590AA1EC04E7D0073CF16 /* test.app */ = {isa = PBXFileReference; explicitFileType = wrapper.application; includeInIndex = 0; path = test.app; sourceTree = BUILT_PRODUCTS_DIR; };
		943590AE1EC04E7D0073CF16 /* main.m */ = {isa = PBXFileReference; lastKnownFileType = sourcecode.c.objc; path = main.m; sourceTree = "<group>"; };
		943590B01EC04E7D0073CF16 /* AppDelegate.h */ = {isa = PBXFileReference; lastKnownFileType = sourcecode.c.h; path = AppDelegate.h; sourceTree = "<group>"; };
		943590B11EC04E7D0073CF16 /* AppDelegate.m */ = {isa = PBXFileReference; lastKnownFileType = sourcecode.c.objc; path = AppDelegate.m; sourceTree = "<group>"; };
		943590B31EC04E7D0073CF16 /* ViewController.h */ = {isa = PBXFileReference; lastKnownFileType = sourcecode.c.h; path = ViewController.h; sourceTree = "<group>"; };
		943590B41EC04E7D0073CF16 /* ViewController.m */ = {isa = PBXFileReference; lastKnownFileType = sourcecode.c.objc; path = ViewController.m; sourceTree = "<group>"; };
		943590B91EC04E7D0073CF16 /* Assets.xcassets */ = {isa = PBXFileReference; lastKnownFileType = folder.assetcatalog; path = Assets.xcassets; sourceTree = "<group>"; };
		943590BC1EC04E7D0073CF16 /* Base */ = {isa = PBXFileReference; lastKnownFileType = file.storyboard; name = Base; path = Base.lproj/LaunchScreen.storyboard; sourceTree = "<group>"; };
		943590BE1EC04E7D0073CF16 /* Info.plist */ = {isa = PBXFileReference; lastKnownFileType = text.plist.xml; path = Info.plist; sourceTree = "<group>"; };
		943590CF1EC04EDB0073CF16 /* ImageEffects.h */ = {isa = PBXFileReference; fileEncoding = 4; lastKnownFileType = sourcecode.c.h; path = ImageEffects.h; sourceTree = "<group>"; };
		943590D01EC04EDB0073CF16 /* ImageEffects.m */ = {isa = PBXFileReference; fileEncoding = 4; lastKnownFileType = sourcecode.c.objc; path = ImageEffects.m; sourceTree = "<group>"; };
		943590D31EC04F670073CF16 /* DLImageEffectViewController.h */ = {isa = PBXFileReference; fileEncoding = 4; lastKnownFileType = sourcecode.c.h; path = DLImageEffectViewController.h; sourceTree = "<group>"; };
		943590D41EC04F670073CF16 /* DLImageEffectViewController.m */ = {isa = PBXFileReference; fileEncoding = 4; lastKnownFileType = sourcecode.c.objc; path = DLImageEffectViewController.m; sourceTree = "<group>"; };
		943590D71EC054240073CF16 /* Info.plist */ = {isa = PBXFileReference; fileEncoding = 4; lastKnownFileType = text.plist.xml; path = Info.plist; sourceTree = "<group>"; };
		943590D81EC054240073CF16 /* MASCompositeConstraint.h */ = {isa = PBXFileReference; fileEncoding = 4; lastKnownFileType = sourcecode.c.h; path = MASCompositeConstraint.h; sourceTree = "<group>"; };
		943590D91EC054240073CF16 /* MASCompositeConstraint.m */ = {isa = PBXFileReference; fileEncoding = 4; lastKnownFileType = sourcecode.c.objc; path = MASCompositeConstraint.m; sourceTree = "<group>"; };
		943590DA1EC054240073CF16 /* MASConstraint+Private.h */ = {isa = PBXFileReference; fileEncoding = 4; lastKnownFileType = sourcecode.c.h; path = "MASConstraint+Private.h"; sourceTree = "<group>"; };
		943590DB1EC054240073CF16 /* MASConstraint.h */ = {isa = PBXFileReference; fileEncoding = 4; lastKnownFileType = sourcecode.c.h; path = MASConstraint.h; sourceTree = "<group>"; };
		943590DC1EC054240073CF16 /* MASConstraint.m */ = {isa = PBXFileReference; fileEncoding = 4; lastKnownFileType = sourcecode.c.objc; path = MASConstraint.m; sourceTree = "<group>"; };
		943590DD1EC054240073CF16 /* MASConstraintMaker.h */ = {isa = PBXFileReference; fileEncoding = 4; lastKnownFileType = sourcecode.c.h; path = MASConstraintMaker.h; sourceTree = "<group>"; };
		943590DE1EC054240073CF16 /* MASConstraintMaker.m */ = {isa = PBXFileReference; fileEncoding = 4; lastKnownFileType = sourcecode.c.objc; path = MASConstraintMaker.m; sourceTree = "<group>"; };
		943590DF1EC054240073CF16 /* MASLayoutConstraint.h */ = {isa = PBXFileReference; fileEncoding = 4; lastKnownFileType = sourcecode.c.h; path = MASLayoutConstraint.h; sourceTree = "<group>"; };
		943590E01EC054240073CF16 /* MASLayoutConstraint.m */ = {isa = PBXFileReference; fileEncoding = 4; lastKnownFileType = sourcecode.c.objc; path = MASLayoutConstraint.m; sourceTree = "<group>"; };
		943590E11EC054240073CF16 /* Masonry.h */ = {isa = PBXFileReference; fileEncoding = 4; lastKnownFileType = sourcecode.c.h; path = Masonry.h; sourceTree = "<group>"; };
		943590E21EC054240073CF16 /* MASUtilities.h */ = {isa = PBXFileReference; fileEncoding = 4; lastKnownFileType = sourcecode.c.h; path = MASUtilities.h; sourceTree = "<group>"; };
		943590E31EC054240073CF16 /* MASViewAttribute.h */ = {isa = PBXFileReference; fileEncoding = 4; lastKnownFileType = sourcecode.c.h; path = MASViewAttribute.h; sourceTree = "<group>"; };
		943590E41EC054240073CF16 /* MASViewAttribute.m */ = {isa = PBXFileReference; fileEncoding = 4; lastKnownFileType = sourcecode.c.objc; path = MASViewAttribute.m; sourceTree = "<group>"; };
		943590E51EC054240073CF16 /* MASViewConstraint.h */ = {isa = PBXFileReference; fileEncoding = 4; lastKnownFileType = sourcecode.c.h; path = MASViewConstraint.h; sourceTree = "<group>"; };
		943590E61EC054240073CF16 /* MASViewConstraint.m */ = {isa = PBXFileReference; fileEncoding = 4; lastKnownFileType = sourcecode.c.objc; path = MASViewConstraint.m; sourceTree = "<group>"; };
		943590E71EC054240073CF16 /* NSArray+MASAdditions.h */ = {isa = PBXFileReference; fileEncoding = 4; lastKnownFileType = sourcecode.c.h; path = "NSArray+MASAdditions.h"; sourceTree = "<group>"; };
		943590E81EC054240073CF16 /* NSArray+MASAdditions.m */ = {isa = PBXFileReference; fileEncoding = 4; lastKnownFileType = sourcecode.c.objc; path = "NSArray+MASAdditions.m"; sourceTree = "<group>"; };
		943590E91EC054240073CF16 /* NSArray+MASShorthandAdditions.h */ = {isa = PBXFileReference; fileEncoding = 4; lastKnownFileType = sourcecode.c.h; path = "NSArray+MASShorthandAdditions.h"; sourceTree = "<group>"; };
		943590EA1EC054240073CF16 /* NSLayoutConstraint+MASDebugAdditions.h */ = {isa = PBXFileReference; fileEncoding = 4; lastKnownFileType = sourcecode.c.h; path = "NSLayoutConstraint+MASDebugAdditions.h"; sourceTree = "<group>"; };
		943590EB1EC054240073CF16 /* NSLayoutConstraint+MASDebugAdditions.m */ = {isa = PBXFileReference; fileEncoding = 4; lastKnownFileType = sourcecode.c.objc; path = "NSLayoutConstraint+MASDebugAdditions.m"; sourceTree = "<group>"; };
		943590EC1EC054240073CF16 /* View+MASAdditions.h */ = {isa = PBXFileReference; fileEncoding = 4; lastKnownFileType = sourcecode.c.h; path = "View+MASAdditions.h"; sourceTree = "<group>"; };
		943590ED1EC054240073CF16 /* View+MASAdditions.m */ = {isa = PBXFileReference; fileEncoding = 4; lastKnownFileType = sourcecode.c.objc; path = "View+MASAdditions.m"; sourceTree = "<group>"; };
		943590EE1EC054240073CF16 /* View+MASShorthandAdditions.h */ = {isa = PBXFileReference; fileEncoding = 4; lastKnownFileType = sourcecode.c.h; path = "View+MASShorthandAdditions.h"; sourceTree = "<group>"; };
		943590EF1EC054240073CF16 /* ViewController+MASAdditions.h */ = {isa = PBXFileReference; fileEncoding = 4; lastKnownFileType = sourcecode.c.h; path = "ViewController+MASAdditions.h"; sourceTree = "<group>"; };
		943590F01EC054240073CF16 /* ViewController+MASAdditions.m */ = {isa = PBXFileReference; fileEncoding = 4; lastKnownFileType = sourcecode.c.objc; path = "ViewController+MASAdditions.m"; sourceTree = "<group>"; };
		943590FD1EC063280073CF16 /* DLLargePictureViewController.h */ = {isa = PBXFileReference; fileEncoding = 4; lastKnownFileType = sourcecode.c.h; path = DLLargePictureViewController.h; sourceTree = "<group>"; };
		943590FE1EC063280073CF16 /* DLLargePictureViewController.m */ = {isa = PBXFileReference; fileEncoding = 4; lastKnownFileType = sourcecode.c.objc; path = DLLargePictureViewController.m; sourceTree = "<group>"; };
		943A483C1EC1B5810077497B /* PrefixHeader.pch */ = {isa = PBXFileReference; fileEncoding = 4; lastKnownFileType = sourcecode.c.h; path = PrefixHeader.pch; sourceTree = "<group>"; };
/* End PBXFileReference section */

/* Begin PBXFrameworksBuildPhase section */
		943590A71EC04E7D0073CF16 /* Frameworks */ = {
			isa = PBXFrameworksBuildPhase;
			buildActionMask = 2147483647;
			files = (
			);
			runOnlyForDeploymentPostprocessing = 0;
		};
/* End PBXFrameworksBuildPhase section */

/* Begin PBXGroup section */
		9430F0EC1EEFDF49008E0E3D /* fourPartView */ = {
			isa = PBXGroup;
			children = (
				9430F0EF1EEFDF68008E0E3D /* DLFourPartViewController.h */,
				9430F0F01EEFDF68008E0E3D /* DLFourPartViewController.m */,
				9430F0F21EEFDF7C008E0E3D /* DLFourPartView.h */,
				9430F0F31EEFDF7C008E0E3D /* DLFourPartView.m */,
			);
			path = fourPartView;
			sourceTree = "<group>";
		};
		9430F0F51EEFE1F4008E0E3D /* DLCommon */ = {
			isa = PBXGroup;
			children = (
				9430F0F61EEFE1F4008E0E3D /* DLCommon.h */,
				9430F0F71EEFE1F4008E0E3D /* NSArray+DLArray.h */,
				9430F0F81EEFE1F4008E0E3D /* NSArray+DLArray.m */,
				9430F0F91EEFE1F4008E0E3D /* NSAttributedString+DLAttributedString.h */,
				9430F0FA1EEFE1F4008E0E3D /* NSAttributedString+DLAttributedString.m */,
				9430F0FB1EEFE1F4008E0E3D /* NSDictionary+DLDictionary.h */,
				9430F0FC1EEFE1F4008E0E3D /* NSDictionary+DLDictionary.m */,
				9430F0FD1EEFE1F4008E0E3D /* NSObject+DLObject.h */,
				9430F0FE1EEFE1F4008E0E3D /* NSObject+DLObject.m */,
				9430F0FF1EEFE1F4008E0E3D /* NSString+DLString.h */,
				9430F1001EEFE1F4008E0E3D /* NSString+DLString.m */,
				9430F1011EEFE1F4008E0E3D /* UIBarButtonItem+DLBarButtonItem.h */,
				9430F1021EEFE1F4008E0E3D /* UIBarButtonItem+DLBarButtonItem.m */,
				9430F1031EEFE1F4008E0E3D /* UIButton+DLButton.h */,
				9430F1041EEFE1F4008E0E3D /* UIButton+DLButton.m */,
				9430F1051EEFE1F4008E0E3D /* UIColor+DLColor.h */,
				9430F1061EEFE1F4008E0E3D /* UIColor+DLColor.m */,
				9430F1071EEFE1F4008E0E3D /* UILabel+DLLabel.h */,
				9430F1081EEFE1F4008E0E3D /* UILabel+DLLabel.m */,
				9430F1091EEFE1F4008E0E3D /* UIViewController+DLViewController.h */,
				9430F10A1EEFE1F4008E0E3D /* UIViewController+DLViewController.m */,
			);
			path = DLCommon;
			sourceTree = "<group>";
		};
		943590A11EC04E7D0073CF16 = {
			isa = PBXGroup;
			children = (
				943590AC1EC04E7D0073CF16 /* test */,
				943590AB1EC04E7D0073CF16 /* Products */,
			);
			sourceTree = "<group>";
		};
		943590AB1EC04E7D0073CF16 /* Products */ = {
			isa = PBXGroup;
			children = (
				943590AA1EC04E7D0073CF16 /* test.app */,
			);
			name = Products;
			sourceTree = "<group>";
		};
		943590AC1EC04E7D0073CF16 /* test */ = {
			isa = PBXGroup;
			children = (
				9430F0F51EEFE1F4008E0E3D /* DLCommon */,
				9430F0EC1EEFDF49008E0E3D /* fourPartView */,
				943590FC1EC063140073CF16 /* largePicture */,
				943590D21EC04F4D0073CF16 /* ImageEffectt */,
				943590C41EC04E9D0073CF16 /* Libs */,
				943590B01EC04E7D0073CF16 /* AppDelegate.h */,
				943590B11EC04E7D0073CF16 /* AppDelegate.m */,
				943590B31EC04E7D0073CF16 /* ViewController.h */,
				943590B41EC04E7D0073CF16 /* ViewController.m */,
				943590B91EC04E7D0073CF16 /* Assets.xcassets */,
				943590BB1EC04E7D0073CF16 /* LaunchScreen.storyboard */,
				943590BE1EC04E7D0073CF16 /* Info.plist */,
				943590AD1EC04E7D0073CF16 /* Supporting Files */,
			);
			path = test;
			sourceTree = "<group>";
		};
		943590AD1EC04E7D0073CF16 /* Supporting Files */ = {
			isa = PBXGroup;
			children = (
				943A483C1EC1B5810077497B /* PrefixHeader.pch */,
				943590AE1EC04E7D0073CF16 /* main.m */,
			);
			name = "Supporting Files";
			sourceTree = "<group>";
		};
		943590C41EC04E9D0073CF16 /* Libs */ = {
			isa = PBXGroup;
			children = (
				943590D61EC054240073CF16 /* Masonry */,
				943590CE1EC04EDB0073CF16 /* ImageEffects */,
			);
			path = Libs;
			sourceTree = "<group>";
		};
		943590CE1EC04EDB0073CF16 /* ImageEffects */ = {
			isa = PBXGroup;
			children = (
				943590CF1EC04EDB0073CF16 /* ImageEffects.h */,
				943590D01EC04EDB0073CF16 /* ImageEffects.m */,
			);
			path = ImageEffects;
			sourceTree = "<group>";
		};
		943590D21EC04F4D0073CF16 /* ImageEffectt */ = {
			isa = PBXGroup;
			children = (
				943590D31EC04F670073CF16 /* DLImageEffectViewController.h */,
				943590D41EC04F670073CF16 /* DLImageEffectViewController.m */,
			);
			path = ImageEffectt;
			sourceTree = "<group>";
		};
		943590D61EC054240073CF16 /* Masonry */ = {
			isa = PBXGroup;
			children = (
				943590D71EC054240073CF16 /* Info.plist */,
				943590D81EC054240073CF16 /* MASCompositeConstraint.h */,
				943590D91EC054240073CF16 /* MASCompositeConstraint.m */,
				943590DA1EC054240073CF16 /* MASConstraint+Private.h */,
				943590DB1EC054240073CF16 /* MASConstraint.h */,
				943590DC1EC054240073CF16 /* MASConstraint.m */,
				943590DD1EC054240073CF16 /* MASConstraintMaker.h */,
				943590DE1EC054240073CF16 /* MASConstraintMaker.m */,
				943590DF1EC054240073CF16 /* MASLayoutConstraint.h */,
				943590E01EC054240073CF16 /* MASLayoutConstraint.m */,
				943590E11EC054240073CF16 /* Masonry.h */,
				943590E21EC054240073CF16 /* MASUtilities.h */,
				943590E31EC054240073CF16 /* MASViewAttribute.h */,
				943590E41EC054240073CF16 /* MASViewAttribute.m */,
				943590E51EC054240073CF16 /* MASViewConstraint.h */,
				943590E61EC054240073CF16 /* MASViewConstraint.m */,
				943590E71EC054240073CF16 /* NSArray+MASAdditions.h */,
				943590E81EC054240073CF16 /* NSArray+MASAdditions.m */,
				943590E91EC054240073CF16 /* NSArray+MASShorthandAdditions.h */,
				943590EA1EC054240073CF16 /* NSLayoutConstraint+MASDebugAdditions.h */,
				943590EB1EC054240073CF16 /* NSLayoutConstraint+MASDebugAdditions.m */,
				943590EC1EC054240073CF16 /* View+MASAdditions.h */,
				943590ED1EC054240073CF16 /* View+MASAdditions.m */,
				943590EE1EC054240073CF16 /* View+MASShorthandAdditions.h */,
				943590EF1EC054240073CF16 /* ViewController+MASAdditions.h */,
				943590F01EC054240073CF16 /* ViewController+MASAdditions.m */,
			);
			path = Masonry;
			sourceTree = "<group>";
		};
		943590FC1EC063140073CF16 /* largePicture */ = {
			isa = PBXGroup;
			children = (
				943590FD1EC063280073CF16 /* DLLargePictureViewController.h */,
				943590FE1EC063280073CF16 /* DLLargePictureViewController.m */,
			);
			name = largePicture;
			sourceTree = "<group>";
		};
/* End PBXGroup section */

/* Begin PBXNativeTarget section */
		943590A91EC04E7D0073CF16 /* test */ = {
			isa = PBXNativeTarget;
			buildConfigurationList = 943590C11EC04E7D0073CF16 /* Build configuration list for PBXNativeTarget "test" */;
			buildPhases = (
				943590A61EC04E7D0073CF16 /* Sources */,
				943590A71EC04E7D0073CF16 /* Frameworks */,
				943590A81EC04E7D0073CF16 /* Resources */,
			);
			buildRules = (
			);
			dependencies = (
			);
			name = test;
			productName = test;
			productReference = 943590AA1EC04E7D0073CF16 /* test.app */;
			productType = "com.apple.product-type.application";
		};
/* End PBXNativeTarget section */

/* Begin PBXProject section */
		943590A21EC04E7D0073CF16 /* Project object */ = {
			isa = PBXProject;
			attributes = {
				CLASSPREFIX = DL;
				LastUpgradeCheck = 0830;
				ORGANIZATIONNAME = Focus;
				TargetAttributes = {
					943590A91EC04E7D0073CF16 = {
						CreatedOnToolsVersion = 8.3.2;
						DevelopmentTeam = X66X3BGMSJ;
						ProvisioningStyle = Automatic;
					};
				};
			};
			buildConfigurationList = 943590A51EC04E7D0073CF16 /* Build configuration list for PBXProject "test" */;
			compatibilityVersion = "Xcode 3.2";
			developmentRegion = English;
			hasScannedForEncodings = 0;
			knownRegions = (
				en,
				Base,
			);
			mainGroup = 943590A11EC04E7D0073CF16;
			productRefGroup = 943590AB1EC04E7D0073CF16 /* Products */;
			projectDirPath = "";
			projectRoot = "";
			targets = (
				943590A91EC04E7D0073CF16 /* test */,
			);
		};
/* End PBXProject section */

/* Begin PBXResourcesBuildPhase section */
		943590A81EC04E7D0073CF16 /* Resources */ = {
			isa = PBXResourcesBuildPhase;
			buildActionMask = 2147483647;
			files = (
				943590BD1EC04E7D0073CF16 /* LaunchScreen.storyboard in Resources */,
				943590BA1EC04E7D0073CF16 /* Assets.xcassets in Resources */,
				943590F11EC054240073CF16 /* Info.plist in Resources */,
			);
			runOnlyForDeploymentPostprocessing = 0;
		};
/* End PBXResourcesBuildPhase section */

/* Begin PBXSourcesBuildPhase section */
		943590A61EC04E7D0073CF16 /* Sources */ = {
			isa = PBXSourcesBuildPhase;
			buildActionMask = 2147483647;
			files = (
				9430F0F11EEFDF68008E0E3D /* DLFourPartViewController.m in Sources */,
				943590F91EC054240073CF16 /* NSLayoutConstraint+MASDebugAdditions.m in Sources */,
				943590D11EC04EDB0073CF16 /* ImageEffects.m in Sources */,
				943590F71EC054240073CF16 /* MASViewConstraint.m in Sources */,
				9430F10F1EEFE1F4008E0E3D /* NSString+DLString.m in Sources */,
				943590B51EC04E7D0073CF16 /* ViewController.m in Sources */,
				943590B21EC04E7D0073CF16 /* AppDelegate.m in Sources */,
				943590D51EC04F670073CF16 /* DLImageEffectViewController.m in Sources */,
				943590FA1EC054240073CF16 /* View+MASAdditions.m in Sources */,
				9430F1141EEFE1F4008E0E3D /* UIViewController+DLViewController.m in Sources */,
				9430F10C1EEFE1F4008E0E3D /* NSAttributedString+DLAttributedString.m in Sources */,
				943590F21EC054240073CF16 /* MASCompositeConstraint.m in Sources */,
				9430F1111EEFE1F4008E0E3D /* UIButton+DLButton.m in Sources */,
				943590F61EC054240073CF16 /* MASViewAttribute.m in Sources */,
				943590F41EC054240073CF16 /* MASConstraintMaker.m in Sources */,
				9430F1131EEFE1F4008E0E3D /* UILabel+DLLabel.m in Sources */,
				9430F10D1EEFE1F4008E0E3D /* NSDictionary+DLDictionary.m in Sources */,
				943590F81EC054240073CF16 /* NSArray+MASAdditions.m in Sources */,
				943590FB1EC054240073CF16 /* ViewController+MASAdditions.m in Sources */,
				943590F31EC054240073CF16 /* MASConstraint.m in Sources */,
				9430F10E1EEFE1F4008E0E3D /* NSObject+DLObject.m in Sources */,
				943590F51EC054240073CF16 /* MASLayoutConstraint.m in Sources */,
				9430F0F41EEFDF7C008E0E3D /* DLFourPartView.m in Sources */,
				9430F10B1EEFE1F4008E0E3D /* NSArray+DLArray.m in Sources */,
				943590AF1EC04E7D0073CF16 /* main.m in Sources */,
				943590FF1EC063280073CF16 /* DLLargePictureViewController.m in Sources */,
				9430F1101EEFE1F4008E0E3D /* UIBarButtonItem+DLBarButtonItem.m in Sources */,
				9430F1121EEFE1F4008E0E3D /* UIColor+DLColor.m in Sources */,
			);
			runOnlyForDeploymentPostprocessing = 0;
		};
/* End PBXSourcesBuildPhase section */

/* Begin PBXVariantGroup section */
		943590BB1EC04E7D0073CF16 /* LaunchScreen.storyboard */ = {
			isa = PBXVariantGroup;
			children = (
				943590BC1EC04E7D0073CF16 /* Base */,
			);
			name = LaunchScreen.storyboard;
			sourceTree = "<group>";
		};
/* End PBXVariantGroup section */

/* Begin XCBuildConfiguration section */
		943590BF1EC04E7D0073CF16 /* Debug */ = {
			isa = XCBuildConfiguration;
			buildSettings = {
				ALWAYS_SEARCH_USER_PATHS = NO;
				CLANG_ANALYZER_NONNULL = YES;
				CLANG_ANALYZER_NUMBER_OBJECT_CONVERSION = YES_AGGRESSIVE;
				CLANG_CXX_LANGUAGE_STANDARD = "gnu++0x";
				CLANG_CXX_LIBRARY = "libc++";
				CLANG_ENABLE_MODULES = YES;
				CLANG_ENABLE_OBJC_ARC = YES;
				CLANG_WARN_BOOL_CONVERSION = YES;
				CLANG_WARN_CONSTANT_CONVERSION = YES;
				CLANG_WARN_DIRECT_OBJC_ISA_USAGE = YES_ERROR;
				CLANG_WARN_DOCUMENTATION_COMMENTS = YES;
				CLANG_WARN_EMPTY_BODY = YES;
				CLANG_WARN_ENUM_CONVERSION = YES;
				CLANG_WARN_INFINITE_RECURSION = YES;
				CLANG_WARN_INT_CONVERSION = YES;
				CLANG_WARN_OBJC_ROOT_CLASS = YES_ERROR;
				CLANG_WARN_SUSPICIOUS_MOVE = YES;
				CLANG_WARN_UNREACHABLE_CODE = YES;
				CLANG_WARN__DUPLICATE_METHOD_MATCH = YES;
				"CODE_SIGN_IDENTITY[sdk=iphoneos*]" = "iPhone Developer";
				COPY_PHASE_STRIP = NO;
				DEBUG_INFORMATION_FORMAT = dwarf;
				ENABLE_STRICT_OBJC_MSGSEND = YES;
				ENABLE_TESTABILITY = YES;
				GCC_C_LANGUAGE_STANDARD = gnu99;
				GCC_DYNAMIC_NO_PIC = NO;
				GCC_NO_COMMON_BLOCKS = YES;
				GCC_OPTIMIZATION_LEVEL = 0;
				GCC_PREPROCESSOR_DEFINITIONS = (
					"DEBUG=1",
					"$(inherited)",
				);
				GCC_WARN_64_TO_32_BIT_CONVERSION = YES;
				GCC_WARN_ABOUT_RETURN_TYPE = YES_ERROR;
				GCC_WARN_UNDECLARED_SELECTOR = YES;
				GCC_WARN_UNINITIALIZED_AUTOS = YES_AGGRESSIVE;
				GCC_WARN_UNUSED_FUNCTION = YES;
				GCC_WARN_UNUSED_VARIABLE = YES;
				IPHONEOS_DEPLOYMENT_TARGET = 10.3;
				MTL_ENABLE_DEBUG_INFO = YES;
				ONLY_ACTIVE_ARCH = YES;
				SDKROOT = iphoneos;
			};
			name = Debug;
		};
		943590C01EC04E7D0073CF16 /* Release */ = {
			isa = XCBuildConfiguration;
			buildSettings = {
				ALWAYS_SEARCH_USER_PATHS = NO;
				CLANG_ANALYZER_NONNULL = YES;
				CLANG_ANALYZER_NUMBER_OBJECT_CONVERSION = YES_AGGRESSIVE;
				CLANG_CXX_LANGUAGE_STANDARD = "gnu++0x";
				CLANG_CXX_LIBRARY = "libc++";
				CLANG_ENABLE_MODULES = YES;
				CLANG_ENABLE_OBJC_ARC = YES;
				CLANG_WARN_BOOL_CONVERSION = YES;
				CLANG_WARN_CONSTANT_CONVERSION = YES;
				CLANG_WARN_DIRECT_OBJC_ISA_USAGE = YES_ERROR;
				CLANG_WARN_DOCUMENTATION_COMMENTS = YES;
				CLANG_WARN_EMPTY_BODY = YES;
				CLANG_WARN_ENUM_CONVERSION = YES;
				CLANG_WARN_INFINITE_RECURSION = YES;
				CLANG_WARN_INT_CONVERSION = YES;
				CLANG_WARN_OBJC_ROOT_CLASS = YES_ERROR;
				CLANG_WARN_SUSPICIOUS_MOVE = YES;
				CLANG_WARN_UNREACHABLE_CODE = YES;
				CLANG_WARN__DUPLICATE_METHOD_MATCH = YES;
				"CODE_SIGN_IDENTITY[sdk=iphoneos*]" = "iPhone Developer";
				COPY_PHASE_STRIP = NO;
				DEBUG_INFORMATION_FORMAT = "dwarf-with-dsym";
				ENABLE_NS_ASSERTIONS = NO;
				ENABLE_STRICT_OBJC_MSGSEND = YES;
				GCC_C_LANGUAGE_STANDARD = gnu99;
				GCC_NO_COMMON_BLOCKS = YES;
				GCC_WARN_64_TO_32_BIT_CONVERSION = YES;
				GCC_WARN_ABOUT_RETURN_TYPE = YES_ERROR;
				GCC_WARN_UNDECLARED_SELECTOR = YES;
				GCC_WARN_UNINITIALIZED_AUTOS = YES_AGGRESSIVE;
				GCC_WARN_UNUSED_FUNCTION = YES;
				GCC_WARN_UNUSED_VARIABLE = YES;
				IPHONEOS_DEPLOYMENT_TARGET = 10.3;
				MTL_ENABLE_DEBUG_INFO = NO;
				SDKROOT = iphoneos;
				VALIDATE_PRODUCT = YES;
			};
			name = Release;
		};
		943590C21EC04E7D0073CF16 /* Debug */ = {
			isa = XCBuildConfiguration;
			buildSettings = {
				ASSETCATALOG_COMPILER_APPICON_NAME = AppIcon;
				DEVELOPMENT_TEAM = X66X3BGMSJ;
				GCC_PREFIX_HEADER = test/PrefixHeader.pch;
				INFOPLIST_FILE = test/Info.plist;
				LD_RUNPATH_SEARCH_PATHS = "$(inherited) @executable_path/Frameworks";
				PRODUCT_BUNDLE_IDENTIFIER = com.Focus.test;
				PRODUCT_NAME = "$(TARGET_NAME)";
			};
			name = Debug;
		};
		943590C31EC04E7D0073CF16 /* Release */ = {
			isa = XCBuildConfiguration;
			buildSettings = {
				ASSETCATALOG_COMPILER_APPICON_NAME = AppIcon;
				DEVELOPMENT_TEAM = X66X3BGMSJ;
				GCC_PREFIX_HEADER = test/PrefixHeader.pch;
				INFOPLIST_FILE = test/Info.plist;
				LD_RUNPATH_SEARCH_PATHS = "$(inherited) @executable_path/Frameworks";
				PRODUCT_BUNDLE_IDENTIFIER = com.Focus.test;
				PRODUCT_NAME = "$(TARGET_NAME)";
			};
			name = Release;
		};
/* End XCBuildConfiguration section */

/* Begin XCConfigurationList section */
		943590A51EC04E7D0073CF16 /* Build configuration list for PBXProject "test" */ = {
			isa = XCConfigurationList;
			buildConfigurations = (
				943590BF1EC04E7D0073CF16 /* Debug */,
				943590C01EC04E7D0073CF16 /* Release */,
			);
			defaultConfigurationIsVisible = 0;
			defaultConfigurationName = Release;
		};
		943590C11EC04E7D0073CF16 /* Build configuration list for PBXNativeTarget "test" */ = {
			isa = XCConfigurationList;
			buildConfigurations = (
				943590C21EC04E7D0073CF16 /* Debug */,
				943590C31EC04E7D0073CF16 /* Release */,
			);
			defaultConfigurationIsVisible = 0;
			defaultConfigurationName = Release;
		};
/* End XCConfigurationList section */
	};
	rootObject = 943590A21EC04E7D0073CF16 /* Project object */;
}
