// !$*UTF8*$!
{
	archiveVersion = 1;
	classes = {
	};
	objectVersion = 46;
	objects = {

/* Begin PBXBuildFile section */
		94DA8D401EF68D1F007FB5EC /* AppDelegate.swift in Sources */ = {isa = PBXBuildFile; fileRef = 94DA8D3F1EF68D1F007FB5EC /* AppDelegate.swift */; };
		94DA8D421EF68D1F007FB5EC /* ViewController.swift in Sources */ = {isa = PBXBuildFile; fileRef = 94DA8D411EF68D1F007FB5EC /* ViewController.swift */; };
		94DA8D451EF68D1F007FB5EC /* Main.storyboard in Resources */ = {isa = PBXBuildFile; fileRef = 94DA8D431EF68D1F007FB5EC /* Main.storyboard */; };
		94DA8D471EF68D1F007FB5EC /* Assets.xcassets in Resources */ = {isa = PBXBuildFile; fileRef = 94DA8D461EF68D1F007FB5EC /* Assets.xcassets */; };
		94DA8D4A1EF68D1F007FB5EC /* LaunchScreen.storyboard in Resources */ = {isa = PBXBuildFile; fileRef = 94DA8D481EF68D1F007FB5EC /* LaunchScreen.storyboard */; };
		94DA8D521EF68D30007FB5EC /* Father.swift in Sources */ = {isa = PBXBuildFile; fileRef = 94DA8D511EF68D30007FB5EC /* Father.swift */; };
/* End PBXBuildFile section */

/* Begin PBXFileReference section */
		94DA8D3C1EF68D1F007FB5EC /* SuperClassTest.app */ = {isa = PBXFileReference; explicitFileType = wrapper.application; includeInIndex = 0; path = SuperClassTest.app; sourceTree = BUILT_PRODUCTS_DIR; };
		94DA8D3F1EF68D1F007FB5EC /* AppDelegate.swift */ = {isa = PBXFileReference; lastKnownFileType = sourcecode.swift; path = AppDelegate.swift; sourceTree = "<group>"; };
		94DA8D411EF68D1F007FB5EC /* ViewController.swift */ = {isa = PBXFileReference; lastKnownFileType = sourcecode.swift; path = ViewController.swift; sourceTree = "<group>"; };
		94DA8D441EF68D1F007FB5EC /* Base */ = {isa = PBXFileReference; lastKnownFileType = file.storyboard; name = Base; path = Base.lproj/Main.storyboard; sourceTree = "<group>"; };
		94DA8D461EF68D1F007FB5EC /* Assets.xcassets */ = {isa = PBXFileReference; lastKnownFileType = folder.assetcatalog; path = Assets.xcassets; sourceTree = "<group>"; };
		94DA8D491EF68D1F007FB5EC /* Base */ = {isa = PBXFileReference; lastKnownFileType = file.storyboard; name = Base; path = Base.lproj/LaunchScreen.storyboard; sourceTree = "<group>"; };
		94DA8D4B1EF68D1F007FB5EC /* Info.plist */ = {isa = PBXFileReference; lastKnownFileType = text.plist.xml; path = Info.plist; sourceTree = "<group>"; };
		94DA8D511EF68D30007FB5EC /* Father.swift */ = {isa = PBXFileReference; fileEncoding = 4; lastKnownFileType = sourcecode.swift; path = Father.swift; sourceTree = "<group>"; };
/* End PBXFileReference section */

/* Begin PBXFrameworksBuildPhase section */
		94DA8D391EF68D1F007FB5EC /* Frameworks */ = {
			isa = PBXFrameworksBuildPhase;
			buildActionMask = 2147483647;
			files = (
			);
			runOnlyForDeploymentPostprocessing = 0;
		};
/* End PBXFrameworksBuildPhase section */

/* Begin PBXGroup section */
		94DA8D331EF68D1F007FB5EC = {
			isa = PBXGroup;
			children = (
				94DA8D3E1EF68D1F007FB5EC /* SuperClassTest */,
				94DA8D3D1EF68D1F007FB5EC /* Products */,
			);
			sourceTree = "<group>";
		};
		94DA8D3D1EF68D1F007FB5EC /* Products */ = {
			isa = PBXGroup;
			children = (
				94DA8D3C1EF68D1F007FB5EC /* SuperClassTest.app */,
			);
			name = Products;
			sourceTree = "<group>";
		};
		94DA8D3E1EF68D1F007FB5EC /* SuperClassTest */ = {
			isa = PBXGroup;
			children = (
				94DA8D3F1EF68D1F007FB5EC /* AppDelegate.swift */,
				94DA8D411EF68D1F007FB5EC /* ViewController.swift */,
				94DA8D431EF68D1F007FB5EC /* Main.storyboard */,
				94DA8D461EF68D1F007FB5EC /* Assets.xcassets */,
				94DA8D481EF68D1F007FB5EC /* LaunchScreen.storyboard */,
				94DA8D4B1EF68D1F007FB5EC /* Info.plist */,
				94DA8D511EF68D30007FB5EC /* Father.swift */,
			);
			path = SuperClassTest;
			sourceTree = "<group>";
		};
/* End PBXGroup section */

/* Begin PBXNativeTarget section */
		94DA8D3B1EF68D1F007FB5EC /* SuperClassTest */ = {
			isa = PBXNativeTarget;
			buildConfigurationList = 94DA8D4E1EF68D1F007FB5EC /* Build configuration list for PBXNativeTarget "SuperClassTest" */;
			buildPhases = (
				94DA8D381EF68D1F007FB5EC /* Sources */,
				94DA8D391EF68D1F007FB5EC /* Frameworks */,
				94DA8D3A1EF68D1F007FB5EC /* Resources */,
			);
			buildRules = (
			);
			dependencies = (
			);
			name = SuperClassTest;
			productName = SuperClassTest;
			productReference = 94DA8D3C1EF68D1F007FB5EC /* SuperClassTest.app */;
			productType = "com.apple.product-type.application";
		};
/* End PBXNativeTarget section */

/* Begin PBXProject section */
		94DA8D341EF68D1F007FB5EC /* Project object */ = {
			isa = PBXProject;
			attributes = {
				LastSwiftUpdateCheck = 0830;
				LastUpgradeCheck = 0830;
				ORGANIZATIONNAME = Focus;
				TargetAttributes = {
					94DA8D3B1EF68D1F007FB5EC = {
						CreatedOnToolsVersion = 8.3.3;
						DevelopmentTeam = X66X3BGMSJ;
						ProvisioningStyle = Automatic;
					};
				};
			};
			buildConfigurationList = 94DA8D371EF68D1F007FB5EC /* Build configuration list for PBXProject "SuperClassTest" */;
			compatibilityVersion = "Xcode 3.2";
			developmentRegion = English;
			hasScannedForEncodings = 0;
			knownRegions = (
				en,
				Base,
			);
			mainGroup = 94DA8D331EF68D1F007FB5EC;
			productRefGroup = 94DA8D3D1EF68D1F007FB5EC /* Products */;
			projectDirPath = "";
			projectRoot = "";
			targets = (
				94DA8D3B1EF68D1F007FB5EC /* SuperClassTest */,
			);
		};
/* End PBXProject section */

/* Begin PBXResourcesBuildPhase section */
		94DA8D3A1EF68D1F007FB5EC /* Resources */ = {
			isa = PBXResourcesBuildPhase;
			buildActionMask = 2147483647;
			files = (
				94DA8D4A1EF68D1F007FB5EC /* LaunchScreen.storyboard in Resources */,
				94DA8D471EF68D1F007FB5EC /* Assets.xcassets in Resources */,
				94DA8D451EF68D1F007FB5EC /* Main.storyboard in Resources */,
			);
			runOnlyForDeploymentPostprocessing = 0;
		};
/* End PBXResourcesBuildPhase section */

/* Begin PBXSourcesBuildPhase section */
		94DA8D381EF68D1F007FB5EC /* Sources */ = {
			isa = PBXSourcesBuildPhase;
			buildActionMask = 2147483647;
			files = (
				94DA8D421EF68D1F007FB5EC /* ViewController.swift in Sources */,
				94DA8D401EF68D1F007FB5EC /* AppDelegate.swift in Sources */,
				94DA8D521EF68D30007FB5EC /* Father.swift in Sources */,
			);
			runOnlyForDeploymentPostprocessing = 0;
		};
/* End PBXSourcesBuildPhase section */

/* Begin PBXVariantGroup section */
		94DA8D431EF68D1F007FB5EC /* Main.storyboard */ = {
			isa = PBXVariantGroup;
			children = (
				94DA8D441EF68D1F007FB5EC /* Base */,
			);
			name = Main.storyboard;
			sourceTree = "<group>";
		};
		94DA8D481EF68D1F007FB5EC /* LaunchScreen.storyboard */ = {
			isa = PBXVariantGroup;
			children = (
				94DA8D491EF68D1F007FB5EC /* Base */,
			);
			name = LaunchScreen.storyboard;
			sourceTree = "<group>";
		};
/* End PBXVariantGroup section */

/* Begin XCBuildConfiguration section */
		94DA8D4C1EF68D1F007FB5EC /* Debug */ = {
			isa = XCBuildConfiguration;
			buildSettings = {
				ALWAYS_SEARCH_USER_PATHS = NO;
				CLANG_ANALYZER_NONNULL = YES;
				CLANG_ANALYZER_NUMBER_OBJECT_CONVERSION = YES_AGGRESSIVE;
				CLANG_CXX_LANGUAGE_STANDARD = "gnu++0x";
				CLANG_CXX_LIBRARY = "libc++";
				CLANG_ENABLE_MODULES = YES;
				CLANG_ENABLE_OBJC_ARC = YES;
				CLANG_WARN_BOOL_CONVERSION = YES;
				CLANG_WARN_CONSTANT_CONVERSION = YES;
				CLANG_WARN_DIRECT_OBJC_ISA_USAGE = YES_ERROR;
				CLANG_WARN_DOCUMENTATION_COMMENTS = YES;
				CLANG_WARN_EMPTY_BODY = YES;
				CLANG_WARN_ENUM_CONVERSION = YES;
				CLANG_WARN_INFINITE_RECURSION = YES;
				CLANG_WARN_INT_CONVERSION = YES;
				CLANG_WARN_OBJC_ROOT_CLASS = YES_ERROR;
				CLANG_WARN_SUSPICIOUS_MOVE = YES;
				CLANG_WARN_UNREACHABLE_CODE = YES;
				CLANG_WARN__DUPLICATE_METHOD_MATCH = YES;
				"CODE_SIGN_IDENTITY[sdk=iphoneos*]" = "iPhone Developer";
				COPY_PHASE_STRIP = NO;
				DEBUG_INFORMATION_FORMAT = dwarf;
				ENABLE_STRICT_OBJC_MSGSEND = YES;
				ENABLE_TESTABILITY = YES;
				GCC_C_LANGUAGE_STANDARD = gnu99;
				GCC_DYNAMIC_NO_PIC = NO;
				GCC_NO_COMMON_BLOCKS = YES;
				GCC_OPTIMIZATION_LEVEL = 0;
				GCC_PREPROCESSOR_DEFINITIONS = (
					"DEBUG=1",
					"$(inherited)",
				);
				GCC_WARN_64_TO_32_BIT_CONVERSION = YES;
				GCC_WARN_ABOUT_RETURN_TYPE = YES_ERROR;
				GCC_WARN_UNDECLARED_SELECTOR = YES;
				GCC_WARN_UNINITIALIZED_AUTOS = YES_AGGRESSIVE;
				GCC_WARN_UNUSED_FUNCTION = YES;
				GCC_WARN_UNUSED_VARIABLE = YES;
				IPHONEOS_DEPLOYMENT_TARGET = 10.3;
				MTL_ENABLE_DEBUG_INFO = YES;
				ONLY_ACTIVE_ARCH = YES;
				SDKROOT = iphoneos;
				SWIFT_ACTIVE_COMPILATION_CONDITIONS = DEBUG;
				SWIFT_OPTIMIZATION_LEVEL = "-Onone";
			};
			name = Debug;
		};
		94DA8D4D1EF68D1F007FB5EC /* Release */ = {
			isa = XCBuildConfiguration;
			buildSettings = {
				ALWAYS_SEARCH_USER_PATHS = NO;
				CLANG_ANALYZER_NONNULL = YES;
				CLANG_ANALYZER_NUMBER_OBJECT_CONVERSION = YES_AGGRESSIVE;
				CLANG_CXX_LANGUAGE_STANDARD = "gnu++0x";
				CLANG_CXX_LIBRARY = "libc++";
				CLANG_ENABLE_MODULES = YES;
				CLANG_ENABLE_OBJC_ARC = YES;
				CLANG_WARN_BOOL_CONVERSION = YES;
				CLANG_WARN_CONSTANT_CONVERSION = YES;
				CLANG_WARN_DIRECT_OBJC_ISA_USAGE = YES_ERROR;
				CLANG_WARN_DOCUMENTATION_COMMENTS = YES;
				CLANG_WARN_EMPTY_BODY = YES;
				CLANG_WARN_ENUM_CONVERSION = YES;
				CLANG_WARN_INFINITE_RECURSION = YES;
				CLANG_WARN_INT_CONVERSION = YES;
				CLANG_WARN_OBJC_ROOT_CLASS = YES_ERROR;
				CLANG_WARN_SUSPICIOUS_MOVE = YES;
				CLANG_WARN_UNREACHABLE_CODE = YES;
				CLANG_WARN__DUPLICATE_METHOD_MATCH = YES;
				"CODE_SIGN_IDENTITY[sdk=iphoneos*]" = "iPhone Developer";
				COPY_PHASE_STRIP = NO;
				DEBUG_INFORMATION_FORMAT = "dwarf-with-dsym";
				ENABLE_NS_ASSERTIONS = NO;
				ENABLE_STRICT_OBJC_MSGSEND = YES;
				GCC_C_LANGUAGE_STANDARD = gnu99;
				GCC_NO_COMMON_BLOCKS = YES;
				GCC_WARN_64_TO_32_BIT_CONVERSION = YES;
				GCC_WARN_ABOUT_RETURN_TYPE = YES_ERROR;
				GCC_WARN_UNDECLARED_SELECTOR = YES;
				GCC_WARN_UNINITIALIZED_AUTOS = YES_AGGRESSIVE;
				GCC_WARN_UNUSED_FUNCTION = YES;
				GCC_WARN_UNUSED_VARIABLE = YES;
				IPHONEOS_DEPLOYMENT_TARGET = 10.3;
				MTL_ENABLE_DEBUG_INFO = NO;
				SDKROOT = iphoneos;
				SWIFT_OPTIMIZATION_LEVEL = "-Owholemodule";
				VALIDATE_PRODUCT = YES;
			};
			name = Release;
		};
		94DA8D4F1EF68D1F007FB5EC /* Debug */ = {
			isa = XCBuildConfiguration;
			buildSettings = {
				ASSETCATALOG_COMPILER_APPICON_NAME = AppIcon;
				DEVELOPMENT_TEAM = X66X3BGMSJ;
				INFOPLIST_FILE = SuperClassTest/Info.plist;
				LD_RUNPATH_SEARCH_PATHS = "$(inherited) @executable_path/Frameworks";
				PRODUCT_BUNDLE_IDENTIFIER = com.Focus.SuperClassTest;
				PRODUCT_NAME = "$(TARGET_NAME)";
				SWIFT_VERSION = 3.0;
			};
			name = Debug;
		};
		94DA8D501EF68D1F007FB5EC /* Release */ = {
			isa = XCBuildConfiguration;
			buildSettings = {
				ASSETCATALOG_COMPILER_APPICON_NAME = AppIcon;
				DEVELOPMENT_TEAM = X66X3BGMSJ;
				INFOPLIST_FILE = SuperClassTest/Info.plist;
				LD_RUNPATH_SEARCH_PATHS = "$(inherited) @executable_path/Frameworks";
				PRODUCT_BUNDLE_IDENTIFIER = com.Focus.SuperClassTest;
				PRODUCT_NAME = "$(TARGET_NAME)";
				SWIFT_VERSION = 3.0;
			};
			name = Release;
		};
/* End XCBuildConfiguration section */

/* Begin XCConfigurationList section */
		94DA8D371EF68D1F007FB5EC /* Build configuration list for PBXProject "SuperClassTest" */ = {
			isa = XCConfigurationList;
			buildConfigurations = (
				94DA8D4C1EF68D1F007FB5EC /* Debug */,
				94DA8D4D1EF68D1F007FB5EC /* Release */,
			);
			defaultConfigurationIsVisible = 0;
			defaultConfigurationName = Release;
		};
		94DA8D4E1EF68D1F007FB5EC /* Build configuration list for PBXNativeTarget "SuperClassTest" */ = {
			isa = XCConfigurationList;
			buildConfigurations = (
				94DA8D4F1EF68D1F007FB5EC /* Debug */,
				94DA8D501EF68D1F007FB5EC /* Release */,
			);
			defaultConfigurationIsVisible = 0;
		};
/* End XCConfigurationList section */
	};
	rootObject = 94DA8D341EF68D1F007FB5EC /* Project object */;
}
